{
  "name": "bigbro",
  "version": "1.0.0",
  "lockfileVersion": 1,
  "requires": true,
  "dependencies": {
    "async-limiter": {
      "version": "1.0.0",
      "resolved": "https://registry.npmjs.org/async-limiter/-/async-limiter-1.0.0.tgz",
      "integrity": "sha512-jp/uFnooOiO+L211eZOoSyzpOITMXx1rBITauYykG3BRYPu8h0UcxsPNB04RR5vo4Tyz3+ay17tR6JVf9qzYWg=="
    },
    "axios": {
      "version": "0.18.0",
      "resolved": "https://registry.npmjs.org/axios/-/axios-0.18.0.tgz",
      "integrity": "sha1-MtU+SFHv3AoRmTts0AB4nXDAUQI=",
      "requires": {
        "follow-redirects": "1.4.1",
        "is-buffer": "1.1.6"
      }
    },
    "base64url": {
      "version": "2.0.0",
      "resolved": "https://registry.npmjs.org/base64url/-/base64url-2.0.0.tgz",
      "integrity": "sha1-6sFuA+oUOO/5Qj1puqNiYu0fcLs="
    },
    "bindings": {
      "version": "1.2.1",
      "resolved": "https://registry.npmjs.org/bindings/-/bindings-1.2.1.tgz",
      "integrity": "sha1-FK1hE4EtLTfXLme0ystLtyZQXxE="
    },
    "bson": {
      "version": "1.0.5",
      "resolved": "https://registry.npmjs.org/bson/-/bson-1.0.5.tgz",
      "integrity": "sha512-D4SCtud6mlEb48kXdTHU31DRU0bsgOJ+4St1Dcx30uYNnf/aGc+hC9gHB/z0Eth8HYYs/hr0SFdyZViht19SwA=="
    },
    "buffer-equal-constant-time": {
      "version": "1.0.1",
      "resolved": "https://registry.npmjs.org/buffer-equal-constant-time/-/buffer-equal-constant-time-1.0.1.tgz",
      "integrity": "sha1-+OcRMvf/5uAaXJaXpMbz5I1cyBk="
    },
    "commander": {
      "version": "2.13.0",
      "resolved": "https://registry.npmjs.org/commander/-/commander-2.13.0.tgz",
      "integrity": "sha512-MVuS359B+YzaWqjCL/c+22gfryv+mCBPHAv3zyVI2GN8EY6IRP8VwtasXn8jyyhvvq84R4ImN1OKRtcbIasjYA=="
    },
    "cron": {
      "version": "1.3.0",
      "resolved": "https://registry.npmjs.org/cron/-/cron-1.3.0.tgz",
      "integrity": "sha512-K/SF7JlgMmNjcThWxkKvsHhey2EDB4CeOEWJ9aXWj3fbQJppsvTPIeyLdHfNq5IbbsMUUjRW1nr5dSO95f2E4w==",
      "requires": {
        "moment-timezone": "0.5.14"
      }
    },
    "debug": {
      "version": "2.6.9",
      "resolved": "https://registry.npmjs.org/debug/-/debug-2.6.9.tgz",
      "integrity": "sha512-bC7ElrdJaJnPbAP+1EotYvqZsb3ecl5wi6Bfi6BJTUcNowp6cvspg0jXznRTKDjm/E7AdgFBVeAPVMNcKGsHMA==",
      "requires": {
        "ms": "2.0.0"
      }
    },
    "discord.js": {
      "version": "git+https://github.com/discordjs/discord.js.git#35babc706d6351d5899aa6eb1ee4bf54be88cf04",
      "requires": {
        "pako": "1.0.6",
        "prism-media": "github:hydrabolt/prism-media#f6737178d10665934669ab2ff3da23a5ecc23e8c",
        "snekfetch": "3.6.4",
        "tweetnacl": "1.0.0",
        "ws": "4.1.0"
      },
      "dependencies": {
        "prism-media": {
          "version": "github:hydrabolt/prism-media#f6737178d10665934669ab2ff3da23a5ecc23e8c"
        }
      }
    },
    "ecdsa-sig-formatter": {
      "version": "1.0.9",
      "resolved": "https://registry.npmjs.org/ecdsa-sig-formatter/-/ecdsa-sig-formatter-1.0.9.tgz",
      "integrity": "sha1-S8kmJ07Dtau1AW5+HWCSGsJisqE=",
      "requires": {
        "base64url": "2.0.0",
        "safe-buffer": "5.1.1"
      }
    },
    "extend": {
      "version": "3.0.1",
      "resolved": "https://registry.npmjs.org/extend/-/extend-3.0.1.tgz",
      "integrity": "sha1-p1Xqe8Gt/MWjHOfnYtuq3F5jZEQ="
    },
    "follow-redirects": {
      "version": "1.4.1",
      "resolved": "https://registry.npmjs.org/follow-redirects/-/follow-redirects-1.4.1.tgz",
      "integrity": "sha512-uxYePVPogtya1ktGnAAXOacnbIuRMB4dkvqeNz2qTtTQsuzSfbDolV+wMMKxAmCx0bLgAKLbBOkjItMbbkR1vg==",
      "requires": {
        "debug": "3.1.0"
      },
      "dependencies": {
        "debug": {
          "version": "3.1.0",
          "resolved": "https://registry.npmjs.org/debug/-/debug-3.1.0.tgz",
          "integrity": "sha512-OX8XqP7/1a9cqkxYw2yXss15f26NKWBpDXQd0/uK/KPqdQhxbPa994hnzjcE2VqQpDslf55723cKPUOGSmMY3g==",
          "requires": {
            "ms": "2.0.0"
          }
        }
      }
    },
    "gcp-metadata": {
      "version": "0.6.1",
      "resolved": "https://registry.npmjs.org/gcp-metadata/-/gcp-metadata-0.6.1.tgz",
      "integrity": "sha512-Ju3brkV7kYOBP5s3Z6HS2xd7gyH9MDfuKeB+y51SsI8GPrD37NOB5Re9fWXQQVAkd74zzVOScnNic1lcRsWD9w==",
      "requires": {
        "axios": "0.17.1",
        "extend": "3.0.1",
        "retry-axios": "0.3.0"
      },
      "dependencies": {
        "axios": {
          "version": "0.17.1",
          "resolved": "https://registry.npmjs.org/axios/-/axios-0.17.1.tgz",
          "integrity": "sha1-LY4+XQvb1zJ/kbyBT1xXZg+Bgk0=",
          "requires": {
            "follow-redirects": "1.4.1",
            "is-buffer": "1.1.6"
          }
        },
        "retry-axios": {
          "version": "0.3.0",
          "resolved": "https://registry.npmjs.org/retry-axios/-/retry-axios-0.3.0.tgz",
          "integrity": "sha512-6vOCghodB5p5N/ZOqug7A3WsT42TULZ7NErUi4lP3KtwtXgz4hE/43LWHsFuHuBfXRmOm/tjXBWAjnObrcy+yg=="
        }
      }
    },
    "google-auth-library": {
      "version": "1.3.1",
      "resolved": "https://registry.npmjs.org/google-auth-library/-/google-auth-library-1.3.1.tgz",
      "integrity": "sha512-NcAzFY+ScalfjmFTHnCXInuivtbIfib9irJ5H8AHONy3eA56YW1Tu5X1dtbjw5TNBgP+BMu+nIrglJsAlfZ/Hg==",
      "requires": {
        "axios": "0.18.0",
        "gcp-metadata": "0.6.1",
        "gtoken": "2.1.0",
        "jws": "3.1.4",
        "lodash.isstring": "4.0.1",
        "lru-cache": "4.1.1",
        "retry-axios": "0.3.2"
      }
    },
    "google-p12-pem": {
      "version": "1.0.0",
      "resolved": "https://registry.npmjs.org/google-p12-pem/-/google-p12-pem-1.0.0.tgz",
      "integrity": "sha512-tqu8IJF307iH8vXQEI5ZhuIk89vAf25rmoyoenckm/zY7Elzm4X/x6OPOk4wa3sRzkA/Y2CkubpvLxSEgIEQcg==",
      "requires": {
        "node-forge": "0.7.1",
        "pify": "3.0.0"
      }
    },
    "googleapis": {
      "version": "26.0.1",
      "resolved": "https://registry.npmjs.org/googleapis/-/googleapis-26.0.1.tgz",
      "integrity": "sha512-kmvohBpoZYue5bQIFAG0TK9WWkqfamRgQCf0yYBT4YqYjM4vjWRAoLDYkYYVbMp3yOLB7P6zm8p9FJSqcHtJBA==",
      "requires": {
        "google-auth-library": "1.3.1",
        "qs": "6.5.1",
        "string-template": "1.0.0",
        "uuid": "3.2.1"
      }
    },
    "gtoken": {
      "version": "2.1.0",
      "resolved": "https://registry.npmjs.org/gtoken/-/gtoken-2.1.0.tgz",
      "integrity": "sha512-r/dh/cVgPBWHcskq03KOSDl+L+0Ac0B8VEhpIbnrcsvHSJHdkEtwbC0lOZNxBIqWbM1+HNig8jpuCwKJzCcilg==",
      "requires": {
        "axios": "0.17.1",
        "google-p12-pem": "1.0.0",
        "jws": "3.1.4",
        "mime": "2.2.0",
        "pify": "3.0.0"
      },
      "dependencies": {
        "axios": {
          "version": "0.17.1",
          "resolved": "https://registry.npmjs.org/axios/-/axios-0.17.1.tgz",
          "integrity": "sha1-LY4+XQvb1zJ/kbyBT1xXZg+Bgk0=",
          "requires": {
            "follow-redirects": "1.4.1",
            "is-buffer": "1.1.6"
          }
        }
      }
    },
    "html-entities": {
      "version": "1.2.1",
      "resolved": "https://registry.npmjs.org/html-entities/-/html-entities-1.2.1.tgz",
      "integrity": "sha1-DfKTUfByEWNRXfueVUPl9u7VFi8="
    },
    "is-buffer": {
      "version": "1.1.6",
      "resolved": "https://registry.npmjs.org/is-buffer/-/is-buffer-1.1.6.tgz",
      "integrity": "sha512-NcdALwpXkTm5Zvvbk7owOUSvVvBKDgKP5/ewfXEznmQFfs4ZRmanOeKBTjRVjka3QFoN6XJ+9F3USqfHqTaU5w=="
    },
    "jwa": {
      "version": "1.1.5",
      "resolved": "https://registry.npmjs.org/jwa/-/jwa-1.1.5.tgz",
      "integrity": "sha1-oFUs4CIHQs1S4VN3SjKQXDDnVuU=",
      "requires": {
        "base64url": "2.0.0",
        "buffer-equal-constant-time": "1.0.1",
        "ecdsa-sig-formatter": "1.0.9",
        "safe-buffer": "5.1.1"
      }
    },
    "jws": {
      "version": "3.1.4",
      "resolved": "https://registry.npmjs.org/jws/-/jws-3.1.4.tgz",
      "integrity": "sha1-+ei5M46KhHJ31kRLFGT2GIDgUKI=",
      "requires": {
        "base64url": "2.0.0",
        "jwa": "1.1.5",
        "safe-buffer": "5.1.1"
      }
    },
    "lodash.isstring": {
      "version": "4.0.1",
      "resolved": "https://registry.npmjs.org/lodash.isstring/-/lodash.isstring-4.0.1.tgz",
      "integrity": "sha1-1SfftUVuynzJu5XV2ur4i6VKVFE="
    },
    "lru-cache": {
      "version": "4.1.1",
      "resolved": "https://registry.npmjs.org/lru-cache/-/lru-cache-4.1.1.tgz",
      "integrity": "sha512-q4spe4KTfsAS1SUHLO0wz8Qiyf1+vMIAgpRYioFYDMNqKfHQbg+AVDH3i4fvpl71/P1L0dBl+fQi+P37UYf0ew==",
      "requires": {
        "pseudomap": "1.0.2",
        "yallist": "2.1.2"
      }
    },
    "m3u8stream": {
      "version": "0.2.1",
      "resolved": "https://registry.npmjs.org/m3u8stream/-/m3u8stream-0.2.1.tgz",
      "integrity": "sha512-kESIvCcoDOZ2ozD6wGxB962E24nPLDTezIBdqfJH1HxoY/dMTRFXOfq7sXtqPQM3nQihKXlv6pYmUpf01S/tVQ==",
      "requires": {
        "miniget": "1.1.0"
      }
    },
    "mime": {
      "version": "2.2.0",
      "resolved": "https://registry.npmjs.org/mime/-/mime-2.2.0.tgz",
      "integrity": "sha512-0Qz9uF1ATtl8RKJG4VRfOymh7PyEor6NbrI/61lRfuRe4vx9SNATrvAeTj2EWVRKjEQGskrzWkJBBY5NbaVHIA=="
    },
    "miniget": {
      "version": "1.1.0",
      "resolved": "https://registry.npmjs.org/miniget/-/miniget-1.1.0.tgz",
      "integrity": "sha512-ICBPQWEoz19eyPHbXLkvjPi62xLhz2irltks35NCYqzYHO0/35IbAaBP3Bbc4VgAwmloIPEpK7CO4/omOiUfDg=="
    },
    "moment": {
      "version": "2.20.1",
      "resolved": "https://registry.npmjs.org/moment/-/moment-2.20.1.tgz",
      "integrity": "sha512-Yh9y73JRljxW5QxN08Fner68eFLxM5ynNOAw2LbIB1YAGeQzZT8QFSUvkAz609Zf+IHhhaUxqZK8dG3W/+HEvg=="
    },
    "moment-timezone": {
      "version": "0.5.14",
      "resolved": "https://registry.npmjs.org/moment-timezone/-/moment-timezone-0.5.14.tgz",
      "integrity": "sha1-TrOP+VOLgBCLpGekWPPtQmjM/LE=",
      "requires": {
        "moment": "2.20.1"
      }
    },
    "mongodb": {
      "version": "3.0.3",
      "resolved": "https://registry.npmjs.org/mongodb/-/mongodb-3.0.3.tgz",
      "integrity": "sha512-BuYbPwjrIS/Ik/AUegjnYb8ncOa4dj8tzP4eSCsaqjP9yjmIWzzKrAXBY+s8xy6xkTJxgvbuTFub6cIwpmHRXQ==",
      "requires": {
        "mongodb-core": "3.0.3"
      }
    },
    "mongodb-core": {
      "version": "3.0.3",
      "resolved": "https://registry.npmjs.org/mongodb-core/-/mongodb-core-3.0.3.tgz",
      "integrity": "sha512-AkEiYeq4PZrgoKPZ32q2nL2xFe9iswOgefMipS2YHJHX8DCFAXmYr1aFxefAWisinxI/nd57nBMSe4mrm3yV1g==",
      "requires": {
        "bson": "1.0.5",
        "require_optional": "1.0.1"
      }
    },
    "ms": {
      "version": "2.0.0",
      "resolved": "https://registry.npmjs.org/ms/-/ms-2.0.0.tgz",
      "integrity": "sha1-VgiurfwAvmwpAd9fmGF4jeDVl8g="
    },
    "nan": {
      "version": "2.8.0",
      "resolved": "https://registry.npmjs.org/nan/-/nan-2.8.0.tgz",
      "integrity": "sha1-7XFfP+neArV6XmJS2QqWZ14fCFo="
    },
    "node-forge": {
      "version": "0.7.1",
      "resolved": "https://registry.npmjs.org/node-forge/-/node-forge-0.7.1.tgz",
      "integrity": "sha1-naYR6giYL0uUIGs760zJZl8gwwA="
    },
    "node-opus": {
      "version": "0.2.7",
      "resolved": "https://registry.npmjs.org/node-opus/-/node-opus-0.2.7.tgz",
      "integrity": "sha1-W3JuKXlbCxJ7TIfmYtTegWhAV5w=",
      "requires": {
        "bindings": "1.2.1",
        "commander": "2.13.0",
        "nan": "2.8.0",
        "ogg-packet": "1.0.0"
      }
    },
    "ogg-packet": {
      "version": "1.0.0",
      "resolved": "https://registry.npmjs.org/ogg-packet/-/ogg-packet-1.0.0.tgz",
      "integrity": "sha1-RbiFchrI991c8iOR1CEGrlM6xng=",
      "optional": true,
      "requires": {
        "ref-struct": "1.1.0"
      }
    },
    "pako": {
      "version": "1.0.6",
      "resolved": "https://registry.npmjs.org/pako/-/pako-1.0.6.tgz",
      "integrity": "sha512-lQe48YPsMJAig+yngZ87Lus+NF+3mtu7DVOBu6b/gHO1YpKwIj5AWjZ/TOS7i46HD/UixzWb1zeWDZfGZ3iYcg=="
    },
    "pify": {
      "version": "3.0.0",
      "resolved": "https://registry.npmjs.org/pify/-/pify-3.0.0.tgz",
      "integrity": "sha1-5aSs0sEB/fPZpNB/DbxNtJ3SgXY="
    },
    "pseudomap": {
      "version": "1.0.2",
      "resolved": "https://registry.npmjs.org/pseudomap/-/pseudomap-1.0.2.tgz",
      "integrity": "sha1-8FKijacOYYkX7wqKw0wa5aaChrM="
    },
    "qs": {
      "version": "6.5.1",
      "resolved": "https://registry.npmjs.org/qs/-/qs-6.5.1.tgz",
      "integrity": "sha512-eRzhrN1WSINYCDCbrz796z37LOe3m5tmW7RQf6oBntukAG1nmovJvhnwHHRMAfeoItc1m2Hk02WER2aQ/iqs+A=="
    },
    "ref": {
      "version": "1.3.5",
      "resolved": "https://registry.npmjs.org/ref/-/ref-1.3.5.tgz",
      "integrity": "sha512-2cBCniTtxcGUjDpvFfVpw323a83/0RLSGJJY5l5lcomZWhYpU2cuLdsvYqMixvsdLJ9+sTdzEkju8J8ZHDM2nA==",
      "optional": true,
      "requires": {
        "bindings": "1.2.1",
        "debug": "2.6.9",
        "nan": "2.8.0"
      }
    },
    "ref-struct": {
      "version": "1.1.0",
      "resolved": "https://registry.npmjs.org/ref-struct/-/ref-struct-1.1.0.tgz",
      "integrity": "sha1-XV7mWtQc78Olxf60BYcmHkee3BM=",
      "optional": true,
      "requires": {
        "debug": "2.6.9",
        "ref": "1.3.5"
      }
    },
    "require_optional": {
      "version": "1.0.1",
      "resolved": "https://registry.npmjs.org/require_optional/-/require_optional-1.0.1.tgz",
      "integrity": "sha512-qhM/y57enGWHAe3v/NcwML6a3/vfESLe/sGM2dII+gEO0BpKRUkWZow/tyloNqJyN6kXSl3RyyM8Ll5D/sJP8g==",
      "requires": {
        "resolve-from": "2.0.0",
        "semver": "5.5.0"
      }
    },
    "resolve-from": {
      "version": "2.0.0",
      "resolved": "https://registry.npmjs.org/resolve-from/-/resolve-from-2.0.0.tgz",
      "integrity": "sha1-lICrIOlP+h2egKgEx+oUdhGWa1c="
    },
    "retry-axios": {
      "version": "0.3.2",
      "resolved": "https://registry.npmjs.org/retry-axios/-/retry-axios-0.3.2.tgz",
      "integrity": "sha512-jp4YlI0qyDFfXiXGhkCOliBN1G7fRH03Nqy8YdShzGqbY5/9S2x/IR6C88ls2DFkbWuL3ASkP7QD3pVrNpPgwQ=="
    },
    "safe-buffer": {
      "version": "5.1.1",
      "resolved": "https://registry.npmjs.org/safe-buffer/-/safe-buffer-5.1.1.tgz",
      "integrity": "sha512-kKvNJn6Mm93gAczWVJg7wH+wGYWNrDHdWvpUmHyEsgCtIwwo3bqPtV4tR5tuPaUhTOo/kvhVwd8XwwOllGYkbg=="
    },
    "sax": {
      "version": "1.2.4",
      "resolved": "https://registry.npmjs.org/sax/-/sax-1.2.4.tgz",
      "integrity": "sha512-NqVDv9TpANUjFm0N8uM5GxL36UgKi9/atZw+x7YFnQ8ckwFGKrl4xX4yWtrey3UJm5nP1kUbnYgLopqWNSRhWw=="
    },
    "semver": {
      "version": "5.5.0",
      "resolved": "https://registry.npmjs.org/semver/-/semver-5.5.0.tgz",
      "integrity": "sha512-4SJ3dm0WAwWy/NVeioZh5AntkdJoWKxHxcmyP622fOkgHa4z3R0TdBJICINyaSDE6uNwVc8gZr+ZinwZAH4xIA=="
    },
    "snekfetch": {
      "version": "3.6.4",
      "resolved": "https://registry.npmjs.org/snekfetch/-/snekfetch-3.6.4.tgz",
      "integrity": "sha512-NjxjITIj04Ffqid5lqr7XdgwM7X61c/Dns073Ly170bPQHLm6jkmelye/eglS++1nfTWktpP6Y2bFXjdPlQqdw=="
    },
    "string-template": {
      "version": "1.0.0",
      "resolved": "https://registry.npmjs.org/string-template/-/string-template-1.0.0.tgz",
      "integrity": "sha1-np8iM9wA8hhxjsN5oopWc+zKi5Y="
    },
    "tweetnacl": {
      "version": "1.0.0",
      "resolved": "https://registry.npmjs.org/tweetnacl/-/tweetnacl-1.0.0.tgz",
      "integrity": "sha1-cT2LgY2kIGh0C/aDhtBHnmb8ins="
    },
    "uuid": {
      "version": "3.2.1",
      "resolved": "https://registry.npmjs.org/uuid/-/uuid-3.2.1.tgz",
      "integrity": "sha512-jZnMwlb9Iku/O3smGWvZhauCf6cvvpKi4BKRiliS3cxnI+Gz9j5MEpTz2UFuXiKPJocb7gnsLHwiS05ige5BEA=="
    },
    "ws": {
      "version": "4.1.0",
      "resolved": "https://registry.npmjs.org/ws/-/ws-4.1.0.tgz",
      "integrity": "sha512-ZGh/8kF9rrRNffkLFV4AzhvooEclrOH0xaugmqGsIfFgOE/pIz4fMc4Ef+5HSQqTEug2S9JZIWDR47duDSLfaA==",
      "requires": {
        "async-limiter": "1.0.0",
        "safe-buffer": "5.1.1"
      }
    },
    "yallist": {
      "version": "2.1.2",
      "resolved": "https://registry.npmjs.org/yallist/-/yallist-2.1.2.tgz",
      "integrity": "sha1-HBH5IY8HYImkfdUS+TxmmaaoHVI="
    },
    "ytdl-core": {
      "version": "0.20.2",
      "resolved": "https://registry.npmjs.org/ytdl-core/-/ytdl-core-0.20.2.tgz",
      "integrity": "sha512-7AAIdhVRJgS3HulFCdT4C4G8FpeKouFinMCa8YA2cvKmEjXoIiNcMJmtnOI1VJil+l57K1Ly4MzEKlvR6H7C0g==",
      "requires": {
        "html-entities": "1.2.1",
        "m3u8stream": "0.2.1",
        "miniget": "1.1.0",
        "sax": "1.2.4"
      }
    }
  }
}
