{
	"name": "bigbro",
	"version": "1.0.0",
	"lockfileVersion": 1,
	"requires": true,
	"dependencies": {
		"async-limiter": {
			"version": "1.0.0",
			"resolved": "https://registry.npmjs.org/async-limiter/-/async-limiter-1.0.0.tgz",
			"integrity": "sha512-jp/uFnooOiO+L211eZOoSyzpOITMXx1rBITauYykG3BRYPu8h0UcxsPNB04RR5vo4Tyz3+ay17tR6JVf9qzYWg=="
		},
		"asynckit": {
			"version": "0.4.0",
			"resolved": "https://registry.npmjs.org/asynckit/-/asynckit-0.4.0.tgz",
			"integrity": "sha1-x57Zf380y48robyXkLzDZkdLS3k="
		},
		"axios": {
			"version": "0.18.0",
			"resolved": "https://registry.npmjs.org/axios/-/axios-0.18.0.tgz",
			"integrity": "sha1-MtU+SFHv3AoRmTts0AB4nXDAUQI=",
			"requires": {
				"follow-redirects": "^1.3.0",
				"is-buffer": "^1.1.5"
			}
		},
		"bindings": {
			"version": "1.2.1",
			"resolved": "https://registry.npmjs.org/bindings/-/bindings-1.2.1.tgz",
			"integrity": "sha1-FK1hE4EtLTfXLme0ystLtyZQXxE="
		},
		"bson": {
			"version": "1.0.9",
			"resolved": "https://registry.npmjs.org/bson/-/bson-1.0.9.tgz",
			"integrity": "sha512-IQX9/h7WdMBIW/q/++tGd+emQr0XMdeZ6icnT/74Xk9fnabWn+gZgpE+9V+gujL3hhJOoNrnDVY7tWdzc7NUTg=="
		},
		"buffer-equal-constant-time": {
			"version": "1.0.1",
			"resolved": "https://registry.npmjs.org/buffer-equal-constant-time/-/buffer-equal-constant-time-1.0.1.tgz",
			"integrity": "sha1-+OcRMvf/5uAaXJaXpMbz5I1cyBk="
		},
		"combined-stream": {
			"version": "1.0.6",
			"resolved": "https://registry.npmjs.org/combined-stream/-/combined-stream-1.0.6.tgz",
			"integrity": "sha1-cj599ugBrFYTETp+RFqbactjKBg=",
			"requires": {
				"delayed-stream": "~1.0.0"
			}
		},
		"commander": {
			"version": "2.17.1",
			"resolved": "https://registry.npmjs.org/commander/-/commander-2.17.1.tgz",
			"integrity": "sha512-wPMUt6FnH2yzG95SA6mzjQOEKUU3aLaDEmzs1ti+1E9h+CsrZghRlqEM/EJ4KscsQVG8uNN4uVreUeT8+drlgg=="
		},
		"cron": {
			"version": "1.3.0",
			"resolved": "https://registry.npmjs.org/cron/-/cron-1.3.0.tgz",
			"integrity": "sha512-K/SF7JlgMmNjcThWxkKvsHhey2EDB4CeOEWJ9aXWj3fbQJppsvTPIeyLdHfNq5IbbsMUUjRW1nr5dSO95f2E4w==",
			"requires": {
				"moment-timezone": "^0.5.x"
			}
		},
		"debug": {
			"version": "3.1.0",
			"resolved": "https://registry.npmjs.org/debug/-/debug-3.1.0.tgz",
			"integrity": "sha512-OX8XqP7/1a9cqkxYw2yXss15f26NKWBpDXQd0/uK/KPqdQhxbPa994hnzjcE2VqQpDslf55723cKPUOGSmMY3g==",
			"requires": {
				"ms": "2.0.0"
			}
		},
		"delayed-stream": {
			"version": "1.0.0",
			"resolved": "https://registry.npmjs.org/delayed-stream/-/delayed-stream-1.0.0.tgz",
			"integrity": "sha1-3zrhmayt+31ECqrgsp4icrJOxhk="
		},
		"discord.js": {
			"version": "github:hydrabolt/discord.js#bcdb8011e350ac57e57615d11659243fcb71fddd",
			"from": "github:hydrabolt/discord.js#bcdb801",
			"requires": {
				"form-data": "^2.3.2",
				"node-fetch": "^2.1.2",
				"pako": "^1.0.0",
				"prism-media": "^0.3.0",
				"tweetnacl": "^1.0.0",
				"ws": "^4.0.0"
			}
		},
		"ecdsa-sig-formatter": {
			"version": "1.0.10",
			"resolved": "https://registry.npmjs.org/ecdsa-sig-formatter/-/ecdsa-sig-formatter-1.0.10.tgz",
			"integrity": "sha1-HFlQAPBKiJffuFAAiSoPTDOvhsM=",
			"requires": {
				"safe-buffer": "^5.0.1"
			}
		},
		"extend": {
			"version": "3.0.2",
			"resolved": "https://registry.npmjs.org/extend/-/extend-3.0.2.tgz",
			"integrity": "sha512-fjquC59cD7CyW6urNXK0FBufkZcoiGG80wTuPujX590cB5Ttln20E2UB4S/WARVqhXffZl2LNgS+gQdPIIim/g=="
		},
		"follow-redirects": {
			"version": "1.5.2",
			"resolved": "https://registry.npmjs.org/follow-redirects/-/follow-redirects-1.5.2.tgz",
			"integrity": "sha512-kssLorP/9acIdpQ2udQVTiCS5LQmdEz9mvdIfDcl1gYX2tPKFADHSyFdvJS040XdFsPzemWtgI3q8mFVCxtX8A==",
			"requires": {
				"debug": "^3.1.0"
			}
		},
		"form-data": {
			"version": "2.3.2",
			"resolved": "https://registry.npmjs.org/form-data/-/form-data-2.3.2.tgz",
			"integrity": "sha1-SXBJi+YEwgwAXU9cI67NIda0kJk=",
			"requires": {
				"asynckit": "^0.4.0",
				"combined-stream": "1.0.6",
				"mime-types": "^2.1.12"
			}
		},
		"gcp-metadata": {
			"version": "0.6.3",
			"resolved": "https://registry.npmjs.org/gcp-metadata/-/gcp-metadata-0.6.3.tgz",
			"integrity": "sha512-MSmczZctbz91AxCvqp9GHBoZOSbJKAICV7Ow/AIWSJZRrRchUd5NL1b2P4OfP+4m490BEUPhhARfpHdqCxuCvg==",
			"requires": {
				"axios": "^0.18.0",
				"extend": "^3.0.1",
				"retry-axios": "0.3.2"
			}
		},
		"google-auth-library": {
			"version": "1.6.1",
			"resolved": "https://registry.npmjs.org/google-auth-library/-/google-auth-library-1.6.1.tgz",
			"integrity": "sha512-jYiWC8NA9n9OtQM7ANn0Tk464do9yhKEtaJ72pKcaBiEwn4LwcGYIYOfwtfsSm3aur/ed3tlSxbmg24IAT6gAg==",
			"requires": {
				"axios": "^0.18.0",
				"gcp-metadata": "^0.6.3",
				"gtoken": "^2.3.0",
				"jws": "^3.1.5",
				"lodash.isstring": "^4.0.1",
				"lru-cache": "^4.1.3",
				"retry-axios": "^0.3.2"
			}
		},
		"google-p12-pem": {
			"version": "1.0.2",
			"resolved": "https://registry.npmjs.org/google-p12-pem/-/google-p12-pem-1.0.2.tgz",
			"integrity": "sha512-+EuKr4CLlGsnXx4XIJIVkcKYrsa2xkAmCvxRhX2HsazJzUBAJ35wARGeApHUn4nNfPD03Vl057FskNr20VaCyg==",
			"requires": {
				"node-forge": "^0.7.4",
				"pify": "^3.0.0"
			}
		},
		"googleapis": {
			"version": "32.0.0",
			"resolved": "https://registry.npmjs.org/googleapis/-/googleapis-32.0.0.tgz",
			"integrity": "sha512-UUPvQnztLkpkAt8cs2Zw/uVqCGbl9FuJbhqdvWIHr8RX7zrdemPQWkIrW7clyjhSZceHlnMya4U3tuQ4BXSxIQ==",
			"requires": {
				"google-auth-library": "^1.4.0",
				"pify": "^3.0.0",
				"qs": "^6.5.2",
				"url-template": "^2.0.8",
				"uuid": "^3.2.1"
			}
		},
		"gtoken": {
			"version": "2.3.0",
			"resolved": "https://registry.npmjs.org/gtoken/-/gtoken-2.3.0.tgz",
			"integrity": "sha512-Jc9/8mV630cZE9FC5tIlJCZNdUjwunvlwOtCz6IDlaiB4Sz68ki29a1+q97sWTnTYroiuF9B135rod9zrQdHLw==",
			"requires": {
				"axios": "^0.18.0",
				"google-p12-pem": "^1.0.0",
				"jws": "^3.1.4",
				"mime": "^2.2.0",
				"pify": "^3.0.0"
			}
		},
		"html-entities": {
			"version": "1.2.1",
			"resolved": "https://registry.npmjs.org/html-entities/-/html-entities-1.2.1.tgz",
			"integrity": "sha1-DfKTUfByEWNRXfueVUPl9u7VFi8="
		},
		"is-buffer": {
			"version": "1.1.6",
			"resolved": "https://registry.npmjs.org/is-buffer/-/is-buffer-1.1.6.tgz",
			"integrity": "sha512-NcdALwpXkTm5Zvvbk7owOUSvVvBKDgKP5/ewfXEznmQFfs4ZRmanOeKBTjRVjka3QFoN6XJ+9F3USqfHqTaU5w=="
		},
		"jwa": {
			"version": "1.1.6",
			"resolved": "https://registry.npmjs.org/jwa/-/jwa-1.1.6.tgz",
			"integrity": "sha512-tBO/cf++BUsJkYql/kBbJroKOgHWEigTKBAjjBEmrMGYd1QMBC74Hr4Wo2zCZw6ZrVhlJPvoMrkcOnlWR/DJfw==",
			"requires": {
				"buffer-equal-constant-time": "1.0.1",
				"ecdsa-sig-formatter": "1.0.10",
				"safe-buffer": "^5.0.1"
			}
		},
		"jws": {
			"version": "3.1.5",
			"resolved": "https://registry.npmjs.org/jws/-/jws-3.1.5.tgz",
			"integrity": "sha512-GsCSexFADNQUr8T5HPJvayTjvPIfoyJPtLQBwn5a4WZQchcrPMPMAWcC1AzJVRDKyD6ZPROPAxgv6rfHViO4uQ==",
			"requires": {
				"jwa": "^1.1.5",
				"safe-buffer": "^5.0.1"
			}
		},
		"lodash.isstring": {
			"version": "4.0.1",
			"resolved": "https://registry.npmjs.org/lodash.isstring/-/lodash.isstring-4.0.1.tgz",
			"integrity": "sha1-1SfftUVuynzJu5XV2ur4i6VKVFE="
		},
		"lru-cache": {
			"version": "4.1.3",
			"resolved": "https://registry.npmjs.org/lru-cache/-/lru-cache-4.1.3.tgz",
			"integrity": "sha512-fFEhvcgzuIoJVUF8fYr5KR0YqxD238zgObTps31YdADwPPAp82a4M8TrckkWyx7ekNlf9aBcVn81cFwwXngrJA==",
			"requires": {
				"pseudomap": "^1.0.2",
				"yallist": "^2.1.2"
			}
		},
		"m3u8stream": {
			"version": "0.3.0",
			"resolved": "https://registry.npmjs.org/m3u8stream/-/m3u8stream-0.3.0.tgz",
			"integrity": "sha512-0tvjXDIa6BolPEGo9zioQiPqfQhjopZXN3L7vZH/rZQCOLd4rPXNZc1UBMdW3TRpjNBoD0+F1X41/f0iY23rlQ==",
			"requires": {
				"miniget": "^1.1.0"
			}
		},
		"mime": {
			"version": "2.3.1",
			"resolved": "https://registry.npmjs.org/mime/-/mime-2.3.1.tgz",
			"integrity": "sha512-OEUllcVoydBHGN1z84yfQDimn58pZNNNXgZlHXSboxMlFvgI6MXSWpWKpFRra7H1HxpVhHTkrghfRW49k6yjeg=="
		},
		"mime-db": {
			"version": "1.35.0",
			"resolved": "https://registry.npmjs.org/mime-db/-/mime-db-1.35.0.tgz",
			"integrity": "sha512-JWT/IcCTsB0Io3AhWUMjRqucrHSPsSf2xKLaRldJVULioggvkJvggZ3VXNNSRkCddE6D+BUI4HEIZIA2OjwIvg=="
		},
		"mime-types": {
			"version": "2.1.19",
			"resolved": "https://registry.npmjs.org/mime-types/-/mime-types-2.1.19.tgz",
			"integrity": "sha512-P1tKYHVSZ6uFo26mtnve4HQFE3koh1UWVkp8YUC+ESBHe945xWSoXuHHiGarDqcEZ+whpCDnlNw5LON0kLo+sw==",
			"requires": {
				"mime-db": "~1.35.0"
			}
		},
		"miniget": {
			"version": "1.3.0",
			"resolved": "https://registry.npmjs.org/miniget/-/miniget-1.3.0.tgz",
			"integrity": "sha512-qvj5v1gbTvK6iVt1DqYrF0B9Lm6VAPNCa930TmTDQp6i1svDzzV8geu+e87XA14OBWDsWENptnP6BO9iJJOD9Q=="
		},
		"moment": {
			"version": "2.22.2",
			"resolved": "https://registry.npmjs.org/moment/-/moment-2.22.2.tgz",
			"integrity": "sha1-PCV/mDn8DpP/UxSWMiOeuQeD/2Y="
		},
		"moment-timezone": {
			"version": "0.5.21",
			"resolved": "https://registry.npmjs.org/moment-timezone/-/moment-timezone-0.5.21.tgz",
			"integrity": "sha512-j96bAh4otsgj3lKydm3K7kdtA3iKf2m6MY2iSYCzCm5a1zmHo1g+aK3068dDEeocLZQIS9kU8bsdQHLqEvgW0A==",
			"requires": {
				"moment": ">= 2.9.0"
			}
		},
		"mongodb": {
			"version": "3.1.1",
			"resolved": "https://registry.npmjs.org/mongodb/-/mongodb-3.1.1.tgz",
			"integrity": "sha512-GU9oWK4pi8PC7NyGiwjFMwZyMqwGWoMEMvM0LZh7UKW/FFAqgmZKjjriD+5MEOCDUJE2dtHX93/K5UtDxO0otg==",
			"requires": {
				"mongodb-core": "3.1.0"
			}
		},
		"mongodb-core": {
			"version": "3.1.0",
			"resolved": "https://registry.npmjs.org/mongodb-core/-/mongodb-core-3.1.0.tgz",
			"integrity": "sha512-qRjG62Fu//CZhkgn0jA/k8jh5MhACIq8cOJUryH6sck87pgt+C222MSD02tsCq5zNo/B6ZFHtNodZ2qpf8E86g==",
			"requires": {
				"bson": "~1.0.4",
				"require_optional": "^1.0.1",
				"saslprep": "^1.0.0"
			}
		},
		"ms": {
			"version": "2.0.0",
			"resolved": "https://registry.npmjs.org/ms/-/ms-2.0.0.tgz",
			"integrity": "sha1-VgiurfwAvmwpAd9fmGF4jeDVl8g="
		},
		"nan": {
			"version": "2.10.0",
			"resolved": "https://registry.npmjs.org/nan/-/nan-2.10.0.tgz",
			"integrity": "sha512-bAdJv7fBLhWC+/Bls0Oza+mvTaNQtP+1RyhhhvD95pgUJz6XM5IzgmxOkItJ9tkoCiplvAnXI1tNmmUD/eScyA=="
		},
		"node-fetch": {
			"version": "2.2.0",
			"resolved": "https://registry.npmjs.org/node-fetch/-/node-fetch-2.2.0.tgz",
			"integrity": "sha512-OayFWziIxiHY8bCUyLX6sTpDH8Jsbp4FfYd1j1f7vZyfgkcOnAyM4oQR16f8a0s7Gl/viMGRey8eScYk4V4EZA=="
		},
		"node-forge": {
			"version": "0.7.5",
			"resolved": "https://registry.npmjs.org/node-forge/-/node-forge-0.7.5.tgz",
			"integrity": "sha512-MmbQJ2MTESTjt3Gi/3yG1wGpIMhUfcIypUCGtTizFR9IiccFwxSpfp0vtIZlkFclEqERemxfnSdZEMR9VqqEFQ=="
		},
		"node-opus": {
			"version": "0.3.0",
			"resolved": "https://registry.npmjs.org/node-opus/-/node-opus-0.3.0.tgz",
			"integrity": "sha512-Hih2TCi/vQUY4D9PBiATT6fluJSjMJPLBfCNgAxJx03v6jT+UlVmXUKR62RXYWyijhXNghsFJMyeBe7MBm3cmQ==",
			"requires": {
				"bindings": "~1.2.1",
				"commander": "^2.9.0",
				"nan": "^2.10.0",
				"ogg-packet": "^1.0.0"
			}
		},
		"ogg-packet": {
			"version": "1.0.0",
			"resolved": "https://registry.npmjs.org/ogg-packet/-/ogg-packet-1.0.0.tgz",
			"integrity": "sha1-RbiFchrI991c8iOR1CEGrlM6xng=",
			"optional": true,
			"requires": {
				"ref-struct": "*"
			}
		},
		"pako": {
			"version": "1.0.6",
			"resolved": "https://registry.npmjs.org/pako/-/pako-1.0.6.tgz",
			"integrity": "sha512-lQe48YPsMJAig+yngZ87Lus+NF+3mtu7DVOBu6b/gHO1YpKwIj5AWjZ/TOS7i46HD/UixzWb1zeWDZfGZ3iYcg=="
		},
		"pify": {
			"version": "3.0.0",
			"resolved": "https://registry.npmjs.org/pify/-/pify-3.0.0.tgz",
			"integrity": "sha1-5aSs0sEB/fPZpNB/DbxNtJ3SgXY="
		},
		"prism-media": {
			"version": "0.3.1",
			"resolved": "https://registry.npmjs.org/prism-media/-/prism-media-0.3.1.tgz",
			"integrity": "sha512-ZAzpXm6n7IaMDrcm7gB6wEkhF796cFLBZPY91rse5DKsASrZZgo36y9QC4+FnlbWt14aQSZUnKMHnkg6pEDfiQ=="
		},
		"pseudomap": {
			"version": "1.0.2",
			"resolved": "https://registry.npmjs.org/pseudomap/-/pseudomap-1.0.2.tgz",
			"integrity": "sha1-8FKijacOYYkX7wqKw0wa5aaChrM="
		},
		"qs": {
			"version": "6.5.2",
			"resolved": "https://registry.npmjs.org/qs/-/qs-6.5.2.tgz",
			"integrity": "sha512-N5ZAX4/LxJmF+7wN74pUD6qAh9/wnvdQcjq9TZjevvXzSUo7bfmw91saqMjzGS2xq91/odN2dW/WOl7qQHNDGA=="
		},
		"ref": {
			"version": "1.3.5",
			"resolved": "https://registry.npmjs.org/ref/-/ref-1.3.5.tgz",
			"integrity": "sha512-2cBCniTtxcGUjDpvFfVpw323a83/0RLSGJJY5l5lcomZWhYpU2cuLdsvYqMixvsdLJ9+sTdzEkju8J8ZHDM2nA==",
			"optional": true,
			"requires": {
				"bindings": "1",
				"debug": "2",
				"nan": "2"
			},
			"dependencies": {
				"debug": {
					"version": "2.6.9",
					"resolved": "https://registry.npmjs.org/debug/-/debug-2.6.9.tgz",
					"integrity": "sha512-bC7ElrdJaJnPbAP+1EotYvqZsb3ecl5wi6Bfi6BJTUcNowp6cvspg0jXznRTKDjm/E7AdgFBVeAPVMNcKGsHMA==",
					"optional": true,
					"requires": {
						"ms": "2.0.0"
					}
				}
			}
		},
		"ref-struct": {
			"version": "1.1.0",
			"resolved": "https://registry.npmjs.org/ref-struct/-/ref-struct-1.1.0.tgz",
			"integrity": "sha1-XV7mWtQc78Olxf60BYcmHkee3BM=",
			"optional": true,
			"requires": {
				"debug": "2",
				"ref": "1"
			},
			"dependencies": {
				"debug": {
					"version": "2.6.9",
					"resolved": "https://registry.npmjs.org/debug/-/debug-2.6.9.tgz",
					"integrity": "sha512-bC7ElrdJaJnPbAP+1EotYvqZsb3ecl5wi6Bfi6BJTUcNowp6cvspg0jXznRTKDjm/E7AdgFBVeAPVMNcKGsHMA==",
					"optional": true,
					"requires": {
						"ms": "2.0.0"
					}
				}
			}
		},
		"require_optional": {
			"version": "1.0.1",
			"resolved": "https://registry.npmjs.org/require_optional/-/require_optional-1.0.1.tgz",
			"integrity": "sha512-qhM/y57enGWHAe3v/NcwML6a3/vfESLe/sGM2dII+gEO0BpKRUkWZow/tyloNqJyN6kXSl3RyyM8Ll5D/sJP8g==",
			"requires": {
				"resolve-from": "^2.0.0",
				"semver": "^5.1.0"
			}
		},
		"resolve-from": {
			"version": "2.0.0",
			"resolved": "https://registry.npmjs.org/resolve-from/-/resolve-from-2.0.0.tgz",
			"integrity": "sha1-lICrIOlP+h2egKgEx+oUdhGWa1c="
		},
		"retry-axios": {
			"version": "0.3.2",
			"resolved": "https://registry.npmjs.org/retry-axios/-/retry-axios-0.3.2.tgz",
			"integrity": "sha512-jp4YlI0qyDFfXiXGhkCOliBN1G7fRH03Nqy8YdShzGqbY5/9S2x/IR6C88ls2DFkbWuL3ASkP7QD3pVrNpPgwQ=="
		},
		"safe-buffer": {
			"version": "5.1.2",
			"resolved": "https://registry.npmjs.org/safe-buffer/-/safe-buffer-5.1.2.tgz",
			"integrity": "sha512-Gd2UZBJDkXlY7GbJxfsE8/nvKkUEU1G38c1siN6QP6a9PT9MmHB8GnpscSmMJSoF8LOIrt8ud/wPtojys4G6+g=="
		},
		"saslprep": {
			"version": "1.0.1",
			"resolved": "https://registry.npmjs.org/saslprep/-/saslprep-1.0.1.tgz",
			"integrity": "sha512-ntN6SbE3hRqd45PKKadRPgA+xHPWg5lPSj2JWJdJvjTwXDDfkPVtXWvP8jJojvnm+rAsZ2b299C5NwZqq818EA==",
			"optional": true
		},
		"sax": {
			"version": "1.2.4",
			"resolved": "https://registry.npmjs.org/sax/-/sax-1.2.4.tgz",
			"integrity": "sha512-NqVDv9TpANUjFm0N8uM5GxL36UgKi9/atZw+x7YFnQ8ckwFGKrl4xX4yWtrey3UJm5nP1kUbnYgLopqWNSRhWw=="
		},
		"semver": {
			"version": "5.5.0",
			"resolved": "https://registry.npmjs.org/semver/-/semver-5.5.0.tgz",
			"integrity": "sha512-4SJ3dm0WAwWy/NVeioZh5AntkdJoWKxHxcmyP622fOkgHa4z3R0TdBJICINyaSDE6uNwVc8gZr+ZinwZAH4xIA=="
		},
		"tweetnacl": {
			"version": "1.0.0",
			"resolved": "https://registry.npmjs.org/tweetnacl/-/tweetnacl-1.0.0.tgz",
			"integrity": "sha1-cT2LgY2kIGh0C/aDhtBHnmb8ins="
		},
		"url-template": {
			"version": "2.0.8",
			"resolved": "https://registry.npmjs.org/url-template/-/url-template-2.0.8.tgz",
			"integrity": "sha1-/FZaPMy/93MMd19WQflVV5FDnyE="
		},
		"uuid": {
			"version": "3.3.2",
			"resolved": "https://registry.npmjs.org/uuid/-/uuid-3.3.2.tgz",
			"integrity": "sha512-yXJmeNaw3DnnKAOKJE51sL/ZaYfWJRl1pK9dr19YFCu0ObS231AB1/LbqTKRAQ5kw8A90rA6fr4riOUpTZvQZA=="
		},
		"ws": {
			"version": "4.1.0",
			"resolved": "https://registry.npmjs.org/ws/-/ws-4.1.0.tgz",
			"integrity": "sha512-ZGh/8kF9rrRNffkLFV4AzhvooEclrOH0xaugmqGsIfFgOE/pIz4fMc4Ef+5HSQqTEug2S9JZIWDR47duDSLfaA==",
			"requires": {
				"async-limiter": "~1.0.0",
				"safe-buffer": "~5.1.0"
			}
		},
		"yallist": {
			"version": "2.1.2",
			"resolved": "https://registry.npmjs.org/yallist/-/yallist-2.1.2.tgz",
			"integrity": "sha1-HBH5IY8HYImkfdUS+TxmmaaoHVI="
		},
		"ytdl-core": {
			"version": "0.24.0",
			"resolved": "https://registry.npmjs.org/ytdl-core/-/ytdl-core-0.24.0.tgz",
			"integrity": "sha512-VwCe+uhKz2M1cH0UEnNxVQyLwGK8DIJgbUPF9svEh0zxUl2DP7LORCDIloLqDUxR6JnC3s01GU0YPxiOmjcqVA==",
			"requires": {
				"html-entities": "^1.1.3",
				"m3u8stream": "^0.3.0",
				"miniget": "^1.1.0",
				"sax": "^1.1.3"
			}
		}
	}
}
